
Microsoft Visual Studio Solution File, Format Version 12.00
# Visual Studio 15
VisualStudioVersion = 15.0.28307.329
MinimumVisualStudioVersion = 10.0.40219.1
Project("{FAE04EC0-301F-11D3-BF4B-00C04F79EFBC}") = "SurfaceAreaOfSphere", "SurfaceAreaOfSphere\SurfaceAreaOfSphere.csproj", "{48E763E9-2955-4D60-8659-AB85A2F3FD42}"
EndProject
Global
	GlobalSection(SolutionConfigurationPlatforms) = preSolution
		Debug|Any CPU = Debug|Any CPU
		Release|Any CPU = Release|Any CPU
	EndGlobalSection
	GlobalSection(ProjectConfigurationPlatforms) = postSolution
		{48E763E9-2955-4D60-8659-AB85A2F3FD42}.Debug|Any CPU.ActiveCfg = Debug|Any CPU
		{48E763E9-2955-4D60-8659-AB85A2F3FD42}.Debug|Any CPU.Build.0 = Debug|Any CPU
		{48E763E9-2955-4D60-8659-AB85A2F3FD42}.Release|Any CPU.ActiveCfg = Release|Any CPU
		{48E763E9-2955-4D60-8659-AB85A2F3FD42}.Release|Any CPU.Build.0 = Release|Any CPU
	EndGlobalSection
	GlobalSection(SolutionProperties) = preSolution
		HideSolutionNode = FALSE
	EndGlobalSection
	GlobalSection(ExtensibilityGlobals) = postSolution
		SolutionGuid = {6225FBBE-347A-447A-8814-96F79D3CC5D9}
	EndGlobalSection
EndGlobal
